{
  "name": "@form-create/component-antdv-frame",
  "version": "3.2.18",
  "lockfileVersion": 3,
  "requires": true,
  "packages": {
    "": {
      "name": "@form-create/component-antdv-frame",
      "version": "3.2.18",
      "license": "MIT",
      "dependencies": {
        "@form-create/utils": "^3.2.18"
      },
      "devDependencies": {
        "@ant-design/icons-vue": "^6.0.1"
      }
    },
    "node_modules/@ant-design/colors": {
      "version": "6.0.0",
      "resolved": "https://registry.npmmirror.com/@ant-design/colors/-/colors-6.0.0.tgz",
      "integrity": "sha512-qAZRvPzfdWHtfameEGP2Qvuf838NhergR35o+EuVyB5XvSA98xod5r4utvi4TJ3ywmevm290g9nsCG5MryrdWQ==",
      "dev": true,
      "dependencies": {
        "@ctrl/tinycolor": "^3.4.0"
      }
    },
    "node_modules/@ant-design/icons-svg": {
      "version": "4.4.2",
      "resolved": "https://registry.npmmirror.com/@ant-design/icons-svg/-/icons-svg-4.4.2.tgz",
      "integrity": "sha512-vHbT+zJEVzllwP+CM+ul7reTEfBR0vgxFe7+lREAsAA7YGsYpboiq2sQNeQeRvh09GfQgs/GyFEvZpJ9cLXpXA==",
      "dev": true
    },
    "node_modules/@ant-design/icons-vue": {
      "version": "6.1.0",
      "resolved": "https://registry.npmmirror.com/@ant-design/icons-vue/-/icons-vue-6.1.0.tgz",
      "integrity": "sha512-EX6bYm56V+ZrKN7+3MT/ubDkvJ5rK/O2t380WFRflDcVFgsvl3NLH7Wxeau6R8DbrO5jWR6DSTC3B6gYFp77AA==",
      "dev": true,
      "dependencies": {
        "@ant-design/colors": "^6.0.0",
        "@ant-design/icons-svg": "^4.2.1"
      },
      "peerDependencies": {
        "vue": ">=3.0.3"
      }
    },
    "node_modules/@ctrl/tinycolor": {
      "version": "3.6.1",
      "resolved": "https://registry.npmmirror.com/@ctrl/tinycolor/-/tinycolor-3.6.1.tgz",
      "integrity": "sha512-SITSV6aIXsuVNV3f3O0f2n/cgyEDWoSqtZMYiAmcsYHydcKrOz3gUxB/iXd/Qf08+IZX4KpgNbvUdMBmWz+kcA==",
      "dev": true,
      "engines": {
        "node": ">=10"
      }
    },
    "node_modules/@form-create/utils": {
      "version": "3.2.18",
      "resolved": "https://registry.npmmirror.com/@form-create/utils/-/utils-3.2.18.tgz",
      "integrity": "sha512-C98bFPdFVMltiHQvEZqv4rVdhcqthJgvxMbWDlniL03HS5oyusnUvxUE8jf0I9zk5dZRDGmxKOUtzE3JDWP9nQ=="
    }
  }
}
